
Microsoft Visual Studio Solution File, Format Version 12.00
# Visual Studio Version 17
VisualStudioVersion = 17.0.31903.59
MinimumVisualStudioVersion = 10.0.40219.1
Project("{FAE04EC0-301F-11D3-BF4B-00C04F79EFBC}") = "FutureValue", "FutureValue\FutureValue.csproj", "{8B83F4FF-9D97-46FB-868F-84DA7789FA8E}"
EndProject
Global
	GlobalSection(SolutionConfigurationPlatforms) = preSolution
		Debug|Any CPU = Debug|Any CPU
		Release|Any CPU = Release|Any CPU
	EndGlobalSection
	GlobalSection(ProjectConfigurationPlatforms) = postSolution
		{8B83F4FF-9D97-46FB-868F-84DA7789FA8E}.Debug|Any CPU.ActiveCfg = Debug|Any CPU
		{8B83F4FF-9D97-46FB-868F-84DA7789FA8E}.Debug|Any CPU.Build.0 = Debug|Any CPU
		{8B83F4FF-9D97-46FB-868F-84DA7789FA8E}.Release|Any CPU.ActiveCfg = Release|Any CPU
		{8B83F4FF-9D97-46FB-868F-84DA7789FA8E}.Release|Any CPU.Build.0 = Release|Any CPU
	EndGlobalSection
	GlobalSection(SolutionProperties) = preSolution
		HideSolutionNode = FALSE
	EndGlobalSection
	GlobalSection(ExtensibilityGlobals) = postSolution
		SolutionGuid = {9510F09A-F9B5-4FE2-8645-CB5D68EB1C58}
	EndGlobalSection
EndGlobal
